// !$*UTF8*$!
{
	archiveVersion = 1;
	classes = {
	};
	objectVersion = 56;
	objects = {

/* Begin PBXBuildFile section */
		054BF87D296E77C8008BDC02 /* AppDelegate.swift in Sources */ = {isa = PBXBuildFile; fileRef = 054BF87C296E77C8008BDC02 /* AppDelegate.swift */; };
		054BF87F296E77C8008BDC02 /* SceneDelegate.swift in Sources */ = {isa = PBXBuildFile; fileRef = 054BF87E296E77C8008BDC02 /* SceneDelegate.swift */; };
		054BF881296E77C8008BDC02 /* ViewController.swift in Sources */ = {isa = PBXBuildFile; fileRef = 054BF880296E77C8008BDC02 /* ViewController.swift */; };
		054BF884296E77C8008BDC02 /* Main.storyboard in Resources */ = {isa = PBXBuildFile; fileRef = 054BF882296E77C8008BDC02 /* Main.storyboard */; };
		054BF887296E77C8008BDC02 /* AniDebe.xcdatamodeld in Sources */ = {isa = PBXBuildFile; fileRef = 054BF885296E77C8008BDC02 /* AniDebe.xcdatamodeld */; };
		054BF889296E77C9008BDC02 /* Assets.xcassets in Resources */ = {isa = PBXBuildFile; fileRef = 054BF888296E77C9008BDC02 /* Assets.xcassets */; };
		054BF88C296E77C9008BDC02 /* LaunchScreen.storyboard in Resources */ = {isa = PBXBuildFile; fileRef = 054BF88A296E77C9008BDC02 /* LaunchScreen.storyboard */; };
		054BF894296E7807008BDC02 /* .gitignore in Resources */ = {isa = PBXBuildFile; fileRef = 054BF893296E7807008BDC02 /* .gitignore */; };
		054BF897296E785A008BDC02 /* Anime.swift in Sources */ = {isa = PBXBuildFile; fileRef = 054BF896296E785A008BDC02 /* Anime.swift */; };
		054BF899296E78D1008BDC02 /* Image.swift in Sources */ = {isa = PBXBuildFile; fileRef = 054BF898296E78D1008BDC02 /* Image.swift */; };
		054BF89B296E79AC008BDC02 /* Trailer.swift in Sources */ = {isa = PBXBuildFile; fileRef = 054BF89A296E79AC008BDC02 /* Trailer.swift */; };
		054BF89D296E7A03008BDC02 /* Genre.swift in Sources */ = {isa = PBXBuildFile; fileRef = 054BF89C296E7A03008BDC02 /* Genre.swift */; };
		054BF89F296E7B73008BDC02 /* Aired.swift in Sources */ = {isa = PBXBuildFile; fileRef = 054BF89E296E7B73008BDC02 /* Aired.swift */; };
		054BF8A2296E7DFC008BDC02 /* BaseJikanService.swift in Sources */ = {isa = PBXBuildFile; fileRef = 054BF8A1296E7DFC008BDC02 /* BaseJikanService.swift */; };
		054BF8A4296E7E58008BDC02 /* SeasonService.swift in Sources */ = {isa = PBXBuildFile; fileRef = 054BF8A3296E7E58008BDC02 /* SeasonService.swift */; };
		054BF8A8296E7FDD008BDC02 /* Response.swift in Sources */ = {isa = PBXBuildFile; fileRef = 054BF8A7296E7FDD008BDC02 /* Response.swift */; };
/* End PBXBuildFile section */

/* Begin PBXFileReference section */
		054BF879296E77C8008BDC02 /* AniDebe.app */ = {isa = PBXFileReference; explicitFileType = wrapper.application; includeInIndex = 0; path = AniDebe.app; sourceTree = BUILT_PRODUCTS_DIR; };
		054BF87C296E77C8008BDC02 /* AppDelegate.swift */ = {isa = PBXFileReference; lastKnownFileType = sourcecode.swift; path = AppDelegate.swift; sourceTree = "<group>"; };
		054BF87E296E77C8008BDC02 /* SceneDelegate.swift */ = {isa = PBXFileReference; lastKnownFileType = sourcecode.swift; path = SceneDelegate.swift; sourceTree = "<group>"; };
		054BF880296E77C8008BDC02 /* ViewController.swift */ = {isa = PBXFileReference; lastKnownFileType = sourcecode.swift; path = ViewController.swift; sourceTree = "<group>"; };
		054BF883296E77C8008BDC02 /* Base */ = {isa = PBXFileReference; lastKnownFileType = file.storyboard; name = Base; path = Base.lproj/Main.storyboard; sourceTree = "<group>"; };
		054BF886296E77C8008BDC02 /* AniDebe.xcdatamodel */ = {isa = PBXFileReference; lastKnownFileType = wrapper.xcdatamodel; path = AniDebe.xcdatamodel; sourceTree = "<group>"; };
		054BF888296E77C9008BDC02 /* Assets.xcassets */ = {isa = PBXFileReference; lastKnownFileType = folder.assetcatalog; path = Assets.xcassets; sourceTree = "<group>"; };
		054BF88B296E77C9008BDC02 /* Base */ = {isa = PBXFileReference; lastKnownFileType = file.storyboard; name = Base; path = Base.lproj/LaunchScreen.storyboard; sourceTree = "<group>"; };
		054BF88D296E77C9008BDC02 /* Info.plist */ = {isa = PBXFileReference; lastKnownFileType = text.plist.xml; path = Info.plist; sourceTree = "<group>"; };
		054BF893296E7807008BDC02 /* .gitignore */ = {isa = PBXFileReference; lastKnownFileType = text; path = .gitignore; sourceTree = "<group>"; };
		054BF896296E785A008BDC02 /* Anime.swift */ = {isa = PBXFileReference; lastKnownFileType = sourcecode.swift; path = Anime.swift; sourceTree = "<group>"; };
		054BF898296E78D1008BDC02 /* Image.swift */ = {isa = PBXFileReference; lastKnownFileType = sourcecode.swift; path = Image.swift; sourceTree = "<group>"; };
		054BF89A296E79AC008BDC02 /* Trailer.swift */ = {isa = PBXFileReference; lastKnownFileType = sourcecode.swift; path = Trailer.swift; sourceTree = "<group>"; };
		054BF89C296E7A03008BDC02 /* Genre.swift */ = {isa = PBXFileReference; lastKnownFileType = sourcecode.swift; path = Genre.swift; sourceTree = "<group>"; };
		054BF89E296E7B73008BDC02 /* Aired.swift */ = {isa = PBXFileReference; lastKnownFileType = sourcecode.swift; path = Aired.swift; sourceTree = "<group>"; };
		054BF8A1296E7DFC008BDC02 /* BaseJikanService.swift */ = {isa = PBXFileReference; lastKnownFileType = sourcecode.swift; path = BaseJikanService.swift; sourceTree = "<group>"; };
		054BF8A3296E7E58008BDC02 /* SeasonService.swift */ = {isa = PBXFileReference; lastKnownFileType = sourcecode.swift; path = SeasonService.swift; sourceTree = "<group>"; };
		054BF8A7296E7FDD008BDC02 /* Response.swift */ = {isa = PBXFileReference; lastKnownFileType = sourcecode.swift; path = Response.swift; sourceTree = "<group>"; };
/* End PBXFileReference section */

/* Begin PBXFrameworksBuildPhase section */
		054BF876296E77C8008BDC02 /* Frameworks */ = {
			isa = PBXFrameworksBuildPhase;
			buildActionMask = 2147483647;
			files = (
			);
			runOnlyForDeploymentPostprocessing = 0;
		};
/* End PBXFrameworksBuildPhase section */

/* Begin PBXGroup section */
		054BF870296E77C8008BDC02 = {
			isa = PBXGroup;
			children = (
				054BF893296E7807008BDC02 /* .gitignore */,
				054BF87B296E77C8008BDC02 /* AniDebe */,
				054BF87A296E77C8008BDC02 /* Products */,
			);
			sourceTree = "<group>";
		};
		054BF87A296E77C8008BDC02 /* Products */ = {
			isa = PBXGroup;
			children = (
				054BF879296E77C8008BDC02 /* AniDebe.app */,
			);
			name = Products;
			sourceTree = "<group>";
		};
		054BF87B296E77C8008BDC02 /* AniDebe */ = {
			isa = PBXGroup;
			children = (
				054BF8A0296E7DE3008BDC02 /* Services */,
				054BF895296E784E008BDC02 /* Models */,
				054BF87C296E77C8008BDC02 /* AppDelegate.swift */,
				054BF87E296E77C8008BDC02 /* SceneDelegate.swift */,
				054BF880296E77C8008BDC02 /* ViewController.swift */,
				054BF882296E77C8008BDC02 /* Main.storyboard */,
				054BF888296E77C9008BDC02 /* Assets.xcassets */,
				054BF88A296E77C9008BDC02 /* LaunchScreen.storyboard */,
				054BF88D296E77C9008BDC02 /* Info.plist */,
				054BF885296E77C8008BDC02 /* AniDebe.xcdatamodeld */,
			);
			path = AniDebe;
			sourceTree = "<group>";
		};
		054BF895296E784E008BDC02 /* Models */ = {
			isa = PBXGroup;
			children = (
				054BF896296E785A008BDC02 /* Anime.swift */,
				054BF898296E78D1008BDC02 /* Image.swift */,
				054BF89A296E79AC008BDC02 /* Trailer.swift */,
				054BF89C296E7A03008BDC02 /* Genre.swift */,
				054BF89E296E7B73008BDC02 /* Aired.swift */,
				054BF8A7296E7FDD008BDC02 /* Response.swift */,
			);
			path = Models;
			sourceTree = "<group>";
		};
		054BF8A0296E7DE3008BDC02 /* Services */ = {
			isa = PBXGroup;
			children = (
				054BF8A1296E7DFC008BDC02 /* BaseJikanService.swift */,
				054BF8A3296E7E58008BDC02 /* SeasonService.swift */,
			);
			path = Services;
			sourceTree = "<group>";
		};
/* End PBXGroup section */

/* Begin PBXNativeTarget section */
		054BF878296E77C8008BDC02 /* AniDebe */ = {
			isa = PBXNativeTarget;
			buildConfigurationList = 054BF890296E77C9008BDC02 /* Build configuration list for PBXNativeTarget "AniDebe" */;
			buildPhases = (
				054BF875296E77C8008BDC02 /* Sources */,
				054BF876296E77C8008BDC02 /* Frameworks */,
				054BF877296E77C8008BDC02 /* Resources */,
			);
			buildRules = (
			);
			dependencies = (
			);
			name = AniDebe;
			productName = AniDebe;
			productReference = 054BF879296E77C8008BDC02 /* AniDebe.app */;
			productType = "com.apple.product-type.application";
		};
/* End PBXNativeTarget section */

/* Begin PBXProject section */
		054BF871296E77C8008BDC02 /* Project object */ = {
			isa = PBXProject;
			attributes = {
				BuildIndependentTargetsInParallel = 1;
				LastSwiftUpdateCheck = 1410;
				LastUpgradeCheck = 1410;
				TargetAttributes = {
					054BF878296E77C8008BDC02 = {
						CreatedOnToolsVersion = 14.1;
					};
				};
			};
			buildConfigurationList = 054BF874296E77C8008BDC02 /* Build configuration list for PBXProject "AniDebe" */;
			compatibilityVersion = "Xcode 14.0";
			developmentRegion = en;
			hasScannedForEncodings = 0;
			knownRegions = (
				en,
				Base,
			);
			mainGroup = 054BF870296E77C8008BDC02;
			productRefGroup = 054BF87A296E77C8008BDC02 /* Products */;
			projectDirPath = "";
			projectRoot = "";
			targets = (
				054BF878296E77C8008BDC02 /* AniDebe */,
			);
		};
/* End PBXProject section */

/* Begin PBXResourcesBuildPhase section */
		054BF877296E77C8008BDC02 /* Resources */ = {
			isa = PBXResourcesBuildPhase;
			buildActionMask = 2147483647;
			files = (
				054BF894296E7807008BDC02 /* .gitignore in Resources */,
				054BF88C296E77C9008BDC02 /* LaunchScreen.storyboard in Resources */,
				054BF889296E77C9008BDC02 /* Assets.xcassets in Resources */,
				054BF884296E77C8008BDC02 /* Main.storyboard in Resources */,
			);
			runOnlyForDeploymentPostprocessing = 0;
		};
/* End PBXResourcesBuildPhase section */

/* Begin PBXSourcesBuildPhase section */
		054BF875296E77C8008BDC02 /* Sources */ = {
			isa = PBXSourcesBuildPhase;
			buildActionMask = 2147483647;
			files = (
				054BF887296E77C8008BDC02 /* AniDebe.xcdatamodeld in Sources */,
				054BF899296E78D1008BDC02 /* Image.swift in Sources */,
				054BF897296E785A008BDC02 /* Anime.swift in Sources */,
				054BF8A4296E7E58008BDC02 /* SeasonService.swift in Sources */,
				054BF8A8296E7FDD008BDC02 /* Response.swift in Sources */,
				054BF881296E77C8008BDC02 /* ViewController.swift in Sources */,
				054BF87D296E77C8008BDC02 /* AppDelegate.swift in Sources */,
				054BF89B296E79AC008BDC02 /* Trailer.swift in Sources */,
				054BF87F296E77C8008BDC02 /* SceneDelegate.swift in Sources */,
				054BF89D296E7A03008BDC02 /* Genre.swift in Sources */,
				054BF8A2296E7DFC008BDC02 /* BaseJikanService.swift in Sources */,
				054BF89F296E7B73008BDC02 /* Aired.swift in Sources */,
			);
			runOnlyForDeploymentPostprocessing = 0;
		};
/* End PBXSourcesBuildPhase section */

/* Begin PBXVariantGroup section */
		054BF882296E77C8008BDC02 /* Main.storyboard */ = {
			isa = PBXVariantGroup;
			children = (
				054BF883296E77C8008BDC02 /* Base */,
			);
			name = Main.storyboard;
			sourceTree = "<group>";
		};
		054BF88A296E77C9008BDC02 /* LaunchScreen.storyboard */ = {
			isa = PBXVariantGroup;
			children = (
				054BF88B296E77C9008BDC02 /* Base */,
			);
			name = LaunchScreen.storyboard;
			sourceTree = "<group>";
		};
/* End PBXVariantGroup section */

/* Begin XCBuildConfiguration section */
		054BF88E296E77C9008BDC02 /* Debug */ = {
			isa = XCBuildConfiguration;
			buildSettings = {
				ALWAYS_SEARCH_USER_PATHS = NO;
				CLANG_ANALYZER_NONNULL = YES;
				CLANG_ANALYZER_NUMBER_OBJECT_CONVERSION = YES_AGGRESSIVE;
				CLANG_CXX_LANGUAGE_STANDARD = "gnu++20";
				CLANG_ENABLE_MODULES = YES;
				CLANG_ENABLE_OBJC_ARC = YES;
				CLANG_ENABLE_OBJC_WEAK = YES;
				CLANG_WARN_BLOCK_CAPTURE_AUTORELEASING = YES;
				CLANG_WARN_BOOL_CONVERSION = YES;
				CLANG_WARN_COMMA = YES;
				CLANG_WARN_CONSTANT_CONVERSION = YES;
				CLANG_WARN_DEPRECATED_OBJC_IMPLEMENTATIONS = YES;
				CLANG_WARN_DIRECT_OBJC_ISA_USAGE = YES_ERROR;
				CLANG_WARN_DOCUMENTATION_COMMENTS = YES;
				CLANG_WARN_EMPTY_BODY = YES;
				CLANG_WARN_ENUM_CONVERSION = YES;
				CLANG_WARN_INFINITE_RECURSION = YES;
				CLANG_WARN_INT_CONVERSION = YES;
				CLANG_WARN_NON_LITERAL_NULL_CONVERSION = YES;
				CLANG_WARN_OBJC_IMPLICIT_RETAIN_SELF = YES;
				CLANG_WARN_OBJC_LITERAL_CONVERSION = YES;
				CLANG_WARN_OBJC_ROOT_CLASS = YES_ERROR;
				CLANG_WARN_QUOTED_INCLUDE_IN_FRAMEWORK_HEADER = YES;
				CLANG_WARN_RANGE_LOOP_ANALYSIS = YES;
				CLANG_WARN_STRICT_PROTOTYPES = YES;
				CLANG_WARN_SUSPICIOUS_MOVE = YES;
				CLANG_WARN_UNGUARDED_AVAILABILITY = YES_AGGRESSIVE;
				CLANG_WARN_UNREACHABLE_CODE = YES;
				CLANG_WARN__DUPLICATE_METHOD_MATCH = YES;
				COPY_PHASE_STRIP = NO;
				DEBUG_INFORMATION_FORMAT = dwarf;
				ENABLE_STRICT_OBJC_MSGSEND = YES;
				ENABLE_TESTABILITY = YES;
				GCC_C_LANGUAGE_STANDARD = gnu11;
				GCC_DYNAMIC_NO_PIC = NO;
				GCC_NO_COMMON_BLOCKS = YES;
				GCC_OPTIMIZATION_LEVEL = 0;
				GCC_PREPROCESSOR_DEFINITIONS = (
					"DEBUG=1",
					"$(inherited)",
				);
				GCC_WARN_64_TO_32_BIT_CONVERSION = YES;
				GCC_WARN_ABOUT_RETURN_TYPE = YES_ERROR;
				GCC_WARN_UNDECLARED_SELECTOR = YES;
				GCC_WARN_UNINITIALIZED_AUTOS = YES_AGGRESSIVE;
				GCC_WARN_UNUSED_FUNCTION = YES;
				GCC_WARN_UNUSED_VARIABLE = YES;
				IPHONEOS_DEPLOYMENT_TARGET = 16.1;
				MTL_ENABLE_DEBUG_INFO = INCLUDE_SOURCE;
				MTL_FAST_MATH = YES;
				ONLY_ACTIVE_ARCH = YES;
				SDKROOT = iphoneos;
				SWIFT_ACTIVE_COMPILATION_CONDITIONS = DEBUG;
				SWIFT_OPTIMIZATION_LEVEL = "-Onone";
			};
			name = Debug;
		};
		054BF88F296E77C9008BDC02 /* Release */ = {
			isa = XCBuildConfiguration;
			buildSettings = {
				ALWAYS_SEARCH_USER_PATHS = NO;
				CLANG_ANALYZER_NONNULL = YES;
				CLANG_ANALYZER_NUMBER_OBJECT_CONVERSION = YES_AGGRESSIVE;
				CLANG_CXX_LANGUAGE_STANDARD = "gnu++20";
				CLANG_ENABLE_MODULES = YES;
				CLANG_ENABLE_OBJC_ARC = YES;
				CLANG_ENABLE_OBJC_WEAK = YES;
				CLANG_WARN_BLOCK_CAPTURE_AUTORELEASING = YES;
				CLANG_WARN_BOOL_CONVERSION = YES;
				CLANG_WARN_COMMA = YES;
				CLANG_WARN_CONSTANT_CONVERSION = YES;
				CLANG_WARN_DEPRECATED_OBJC_IMPLEMENTATIONS = YES;
				CLANG_WARN_DIRECT_OBJC_ISA_USAGE = YES_ERROR;
				CLANG_WARN_DOCUMENTATION_COMMENTS = YES;
				CLANG_WARN_EMPTY_BODY = YES;
				CLANG_WARN_ENUM_CONVERSION = YES;
				CLANG_WARN_INFINITE_RECURSION = YES;
				CLANG_WARN_INT_CONVERSION = YES;
				CLANG_WARN_NON_LITERAL_NULL_CONVERSION = YES;
				CLANG_WARN_OBJC_IMPLICIT_RETAIN_SELF = YES;
				CLANG_WARN_OBJC_LITERAL_CONVERSION = YES;
				CLANG_WARN_OBJC_ROOT_CLASS = YES_ERROR;
				CLANG_WARN_QUOTED_INCLUDE_IN_FRAMEWORK_HEADER = YES;
				CLANG_WARN_RANGE_LOOP_ANALYSIS = YES;
				CLANG_WARN_STRICT_PROTOTYPES = YES;
				CLANG_WARN_SUSPICIOUS_MOVE = YES;
				CLANG_WARN_UNGUARDED_AVAILABILITY = YES_AGGRESSIVE;
				CLANG_WARN_UNREACHABLE_CODE = YES;
				CLANG_WARN__DUPLICATE_METHOD_MATCH = YES;
				COPY_PHASE_STRIP = NO;
				DEBUG_INFORMATION_FORMAT = "dwarf-with-dsym";
				ENABLE_NS_ASSERTIONS = NO;
				ENABLE_STRICT_OBJC_MSGSEND = YES;
				GCC_C_LANGUAGE_STANDARD = gnu11;
				GCC_NO_COMMON_BLOCKS = YES;
				GCC_WARN_64_TO_32_BIT_CONVERSION = YES;
				GCC_WARN_ABOUT_RETURN_TYPE = YES_ERROR;
				GCC_WARN_UNDECLARED_SELECTOR = YES;
				GCC_WARN_UNINITIALIZED_AUTOS = YES_AGGRESSIVE;
				GCC_WARN_UNUSED_FUNCTION = YES;
				GCC_WARN_UNUSED_VARIABLE = YES;
				IPHONEOS_DEPLOYMENT_TARGET = 16.1;
				MTL_ENABLE_DEBUG_INFO = NO;
				MTL_FAST_MATH = YES;
				SDKROOT = iphoneos;
				SWIFT_COMPILATION_MODE = wholemodule;
				SWIFT_OPTIMIZATION_LEVEL = "-O";
				VALIDATE_PRODUCT = YES;
			};
			name = Release;
		};
		054BF891296E77C9008BDC02 /* Debug */ = {
			isa = XCBuildConfiguration;
			buildSettings = {
				ASSETCATALOG_COMPILER_APPICON_NAME = AppIcon;
				ASSETCATALOG_COMPILER_GLOBAL_ACCENT_COLOR_NAME = AccentColor;
				CODE_SIGN_STYLE = Automatic;
				CURRENT_PROJECT_VERSION = 1;
				GENERATE_INFOPLIST_FILE = YES;
				INFOPLIST_FILE = AniDebe/Info.plist;
				INFOPLIST_KEY_UIApplicationSupportsIndirectInputEvents = YES;
				INFOPLIST_KEY_UILaunchStoryboardName = LaunchScreen;
				INFOPLIST_KEY_UIMainStoryboardFile = Main;
				INFOPLIST_KEY_UISupportedInterfaceOrientations_iPad = "UIInterfaceOrientationPortrait UIInterfaceOrientationPortraitUpsideDown UIInterfaceOrientationLandscapeLeft UIInterfaceOrientationLandscapeRight";
				INFOPLIST_KEY_UISupportedInterfaceOrientations_iPhone = "UIInterfaceOrientationPortrait UIInterfaceOrientationLandscapeLeft UIInterfaceOrientationLandscapeRight";
				LD_RUNPATH_SEARCH_PATHS = (
					"$(inherited)",
					"@executable_path/Frameworks",
				);
				MARKETING_VERSION = 1.0;
				PRODUCT_BUNDLE_IDENTIFIER = dev.juviga.AniDebe;
				PRODUCT_NAME = "$(TARGET_NAME)";
				SWIFT_EMIT_LOC_STRINGS = YES;
				SWIFT_VERSION = 5.0;
				TARGETED_DEVICE_FAMILY = "1,2";
			};
			name = Debug;
		};
		054BF892296E77C9008BDC02 /* Release */ = {
			isa = XCBuildConfiguration;
			buildSettings = {
				ASSETCATALOG_COMPILER_APPICON_NAME = AppIcon;
				ASSETCATALOG_COMPILER_GLOBAL_ACCENT_COLOR_NAME = AccentColor;
				CODE_SIGN_STYLE = Automatic;
				CURRENT_PROJECT_VERSION = 1;
				GENERATE_INFOPLIST_FILE = YES;
				INFOPLIST_FILE = AniDebe/Info.plist;
				INFOPLIST_KEY_UIApplicationSupportsIndirectInputEvents = YES;
				INFOPLIST_KEY_UILaunchStoryboardName = LaunchScreen;
				INFOPLIST_KEY_UIMainStoryboardFile = Main;
				INFOPLIST_KEY_UISupportedInterfaceOrientations_iPad = "UIInterfaceOrientationPortrait UIInterfaceOrientationPortraitUpsideDown UIInterfaceOrientationLandscapeLeft UIInterfaceOrientationLandscapeRight";
				INFOPLIST_KEY_UISupportedInterfaceOrientations_iPhone = "UIInterfaceOrientationPortrait UIInterfaceOrientationLandscapeLeft UIInterfaceOrientationLandscapeRight";
				LD_RUNPATH_SEARCH_PATHS = (
					"$(inherited)",
					"@executable_path/Frameworks",
				);
				MARKETING_VERSION = 1.0;
				PRODUCT_BUNDLE_IDENTIFIER = dev.juviga.AniDebe;
				PRODUCT_NAME = "$(TARGET_NAME)";
				SWIFT_EMIT_LOC_STRINGS = YES;
				SWIFT_VERSION = 5.0;
				TARGETED_DEVICE_FAMILY = "1,2";
			};
			name = Release;
		};
/* End XCBuildConfiguration section */

/* Begin XCConfigurationList section */
		054BF874296E77C8008BDC02 /* Build configuration list for PBXProject "AniDebe" */ = {
			isa = XCConfigurationList;
			buildConfigurations = (
				054BF88E296E77C9008BDC02 /* Debug */,
				054BF88F296E77C9008BDC02 /* Release */,
			);
			defaultConfigurationIsVisible = 0;
			defaultConfigurationName = Release;
		};
		054BF890296E77C9008BDC02 /* Build configuration list for PBXNativeTarget "AniDebe" */ = {
			isa = XCConfigurationList;
			buildConfigurations = (
				054BF891296E77C9008BDC02 /* Debug */,
				054BF892296E77C9008BDC02 /* Release */,
			);
			defaultConfigurationIsVisible = 0;
			defaultConfigurationName = Release;
		};
/* End XCConfigurationList section */

/* Begin XCVersionGroup section */
		054BF885296E77C8008BDC02 /* AniDebe.xcdatamodeld */ = {
			isa = XCVersionGroup;
			children = (
				054BF886296E77C8008BDC02 /* AniDebe.xcdatamodel */,
			);
			currentVersion = 054BF886296E77C8008BDC02 /* AniDebe.xcdatamodel */;
			path = AniDebe.xcdatamodeld;
			sourceTree = "<group>";
			versionGroupType = wrapper.xcdatamodel;
		};
/* End XCVersionGroup section */
	};
	rootObject = 054BF871296E77C8008BDC02 /* Project object */;
}
